
Microsoft Visual Studio Solution File, Format Version 12.00
# Visual Studio 14
VisualStudioVersion = 14.0.25123.0
MinimumVisualStudioVersion = 10.0.40219.1
Project("{FAE04EC0-301F-11D3-BF4B-00C04F79EFBC}") = "Liduina.Mobile.Droid", "Liduina.Mobile\Liduina.Mobile.Droid\Liduina.Mobile.Droid.csproj", "{1A38CA19-2067-4637-9E38-B273C73D21DA}"
EndProject
Project("{FAE04EC0-301F-11D3-BF4B-00C04F79EFBC}") = "Liduina.Mobile.iOS", "Liduina.Mobile\Liduina.Mobile.iOS\Liduina.Mobile.iOS.csproj", "{92ED54EA-89E4-440C-B93C-036E8029500F}"
EndProject
Project("{FAE04EC0-301F-11D3-BF4B-00C04F79EFBC}") = "Liduina.Mobile.WinPhone", "Liduina.Mobile\Liduina.Mobile.WinPhone\Liduina.Mobile.WinPhone.csproj", "{55EABFB5-E675-48C6-BFB9-031F05D4F282}"
EndProject
Project("{FAE04EC0-301F-11D3-BF4B-00C04F79EFBC}") = "Liduina.Mobile.UWP", "Liduina.Mobile\Liduina.Mobile.UWP\Liduina.Mobile.UWP.csproj", "{98D86C2E-07AA-4FFC-A368-A5BD55487435}"
EndProject
Project("{FAE04EC0-301F-11D3-BF4B-00C04F79EFBC}") = "Liduina.Mobile.Windows", "Liduina.Mobile\Liduina.Mobile.Windows\Liduina.Mobile.Windows.csproj", "{4227E8E9-5D15-4BB4-8C3F-400D111A3DC7}"
EndProject
Project("{FAE04EC0-301F-11D3-BF4B-00C04F79EFBC}") = "Liduina.Mobile", "Liduina.Mobile\Liduina.Mobile\Liduina.Mobile.csproj", "{103768C3-06B3-4244-A77C-91B1F961E38C}"
EndProject
Project("{2150E333-8FDC-42A3-9474-1A3956D46DE8}") = "DL", "DL", "{7A39A3A3-62B3-4E3A-87FB-B0161B99FFC8}"
EndProject
Project("{FAE04EC0-301F-11D3-BF4B-00C04F79EFBC}") = "Liduina.DL.Models", "..\Shared\Liduina.DL.Models\Liduina.DL.Models.csproj", "{2BEACFC1-8654-4D84-9F25-49C1B54E5429}"
EndProject
Project("{FAE04EC0-301F-11D3-BF4B-00C04F79EFBC}") = "Liduina.DL.Enums", "..\Shared\Liduina.DL.Enums\Liduina.DL.Enums.csproj", "{35B97953-711D-4D0C-B42B-42AAEE4EC089}"
EndProject
Global
	GlobalSection(SolutionConfigurationPlatforms) = preSolution
		Ad-Hoc|Any CPU = Ad-Hoc|Any CPU
		Ad-Hoc|ARM = Ad-Hoc|ARM
		Ad-Hoc|iPhone = Ad-Hoc|iPhone
		Ad-Hoc|iPhoneSimulator = Ad-Hoc|iPhoneSimulator
		Ad-Hoc|x64 = Ad-Hoc|x64
		Ad-Hoc|x86 = Ad-Hoc|x86
		AppStore|Any CPU = AppStore|Any CPU
		AppStore|ARM = AppStore|ARM
		AppStore|iPhone = AppStore|iPhone
		AppStore|iPhoneSimulator = AppStore|iPhoneSimulator
		AppStore|x64 = AppStore|x64
		AppStore|x86 = AppStore|x86
		Debug|Any CPU = Debug|Any CPU
		Debug|ARM = Debug|ARM
		Debug|iPhone = Debug|iPhone
		Debug|iPhoneSimulator = Debug|iPhoneSimulator
		Debug|x64 = Debug|x64
		Debug|x86 = Debug|x86
		Release|Any CPU = Release|Any CPU
		Release|ARM = Release|ARM
		Release|iPhone = Release|iPhone
		Release|iPhoneSimulator = Release|iPhoneSimulator
		Release|x64 = Release|x64
		Release|x86 = Release|x86
	EndGlobalSection
	GlobalSection(ProjectConfigurationPlatforms) = postSolution
		{1A38CA19-2067-4637-9E38-B273C73D21DA}.Ad-Hoc|Any CPU.ActiveCfg = Release|Any CPU
		{1A38CA19-2067-4637-9E38-B273C73D21DA}.Ad-Hoc|Any CPU.Build.0 = Release|Any CPU
		{1A38CA19-2067-4637-9E38-B273C73D21DA}.Ad-Hoc|Any CPU.Deploy.0 = Release|Any CPU
		{1A38CA19-2067-4637-9E38-B273C73D21DA}.Ad-Hoc|ARM.ActiveCfg = Release|Any CPU
		{1A38CA19-2067-4637-9E38-B273C73D21DA}.Ad-Hoc|ARM.Build.0 = Release|Any CPU
		{1A38CA19-2067-4637-9E38-B273C73D21DA}.Ad-Hoc|ARM.Deploy.0 = Release|Any CPU
		{1A38CA19-2067-4637-9E38-B273C73D21DA}.Ad-Hoc|iPhone.ActiveCfg = Release|Any CPU
		{1A38CA19-2067-4637-9E38-B273C73D21DA}.Ad-Hoc|iPhone.Build.0 = Release|Any CPU
		{1A38CA19-2067-4637-9E38-B273C73D21DA}.Ad-Hoc|iPhone.Deploy.0 = Release|Any CPU
		{1A38CA19-2067-4637-9E38-B273C73D21DA}.Ad-Hoc|iPhoneSimulator.ActiveCfg = Release|Any CPU
		{1A38CA19-2067-4637-9E38-B273C73D21DA}.Ad-Hoc|iPhoneSimulator.Build.0 = Release|Any CPU
		{1A38CA19-2067-4637-9E38-B273C73D21DA}.Ad-Hoc|iPhoneSimulator.Deploy.0 = Release|Any CPU
		{1A38CA19-2067-4637-9E38-B273C73D21DA}.Ad-Hoc|x64.ActiveCfg = Release|Any CPU
		{1A38CA19-2067-4637-9E38-B273C73D21DA}.Ad-Hoc|x64.Build.0 = Release|Any CPU
		{1A38CA19-2067-4637-9E38-B273C73D21DA}.Ad-Hoc|x64.Deploy.0 = Release|Any CPU
		{1A38CA19-2067-4637-9E38-B273C73D21DA}.Ad-Hoc|x86.ActiveCfg = Release|Any CPU
		{1A38CA19-2067-4637-9E38-B273C73D21DA}.Ad-Hoc|x86.Build.0 = Release|Any CPU
		{1A38CA19-2067-4637-9E38-B273C73D21DA}.Ad-Hoc|x86.Deploy.0 = Release|Any CPU
		{1A38CA19-2067-4637-9E38-B273C73D21DA}.AppStore|Any CPU.ActiveCfg = Release|Any CPU
		{1A38CA19-2067-4637-9E38-B273C73D21DA}.AppStore|Any CPU.Build.0 = Release|Any CPU
		{1A38CA19-2067-4637-9E38-B273C73D21DA}.AppStore|Any CPU.Deploy.0 = Release|Any CPU
		{1A38CA19-2067-4637-9E38-B273C73D21DA}.AppStore|ARM.ActiveCfg = Release|Any CPU
		{1A38CA19-2067-4637-9E38-B273C73D21DA}.AppStore|ARM.Build.0 = Release|Any CPU
		{1A38CA19-2067-4637-9E38-B273C73D21DA}.AppStore|ARM.Deploy.0 = Release|Any CPU
		{1A38CA19-2067-4637-9E38-B273C73D21DA}.AppStore|iPhone.ActiveCfg = Release|Any CPU
		{1A38CA19-2067-4637-9E38-B273C73D21DA}.AppStore|iPhone.Build.0 = Release|Any CPU
		{1A38CA19-2067-4637-9E38-B273C73D21DA}.AppStore|iPhone.Deploy.0 = Release|Any CPU
		{1A38CA19-2067-4637-9E38-B273C73D21DA}.AppStore|iPhoneSimulator.ActiveCfg = Release|Any CPU
		{1A38CA19-2067-4637-9E38-B273C73D21DA}.AppStore|iPhoneSimulator.Build.0 = Release|Any CPU
		{1A38CA19-2067-4637-9E38-B273C73D21DA}.AppStore|iPhoneSimulator.Deploy.0 = Release|Any CPU
		{1A38CA19-2067-4637-9E38-B273C73D21DA}.AppStore|x64.ActiveCfg = Release|Any CPU
		{1A38CA19-2067-4637-9E38-B273C73D21DA}.AppStore|x64.Build.0 = Release|Any CPU
		{1A38CA19-2067-4637-9E38-B273C73D21DA}.AppStore|x64.Deploy.0 = Release|Any CPU
		{1A38CA19-2067-4637-9E38-B273C73D21DA}.AppStore|x86.ActiveCfg = Release|Any CPU
		{1A38CA19-2067-4637-9E38-B273C73D21DA}.AppStore|x86.Build.0 = Release|Any CPU
		{1A38CA19-2067-4637-9E38-B273C73D21DA}.AppStore|x86.Deploy.0 = Release|Any CPU
		{1A38CA19-2067-4637-9E38-B273C73D21DA}.Debug|Any CPU.ActiveCfg = Debug|Any CPU
		{1A38CA19-2067-4637-9E38-B273C73D21DA}.Debug|Any CPU.Build.0 = Debug|Any CPU
		{1A38CA19-2067-4637-9E38-B273C73D21DA}.Debug|Any CPU.Deploy.0 = Debug|Any CPU
		{1A38CA19-2067-4637-9E38-B273C73D21DA}.Debug|ARM.ActiveCfg = Debug|Any CPU
		{1A38CA19-2067-4637-9E38-B273C73D21DA}.Debug|ARM.Build.0 = Debug|Any CPU
		{1A38CA19-2067-4637-9E38-B273C73D21DA}.Debug|ARM.Deploy.0 = Debug|Any CPU
		{1A38CA19-2067-4637-9E38-B273C73D21DA}.Debug|iPhone.ActiveCfg = Debug|Any CPU
		{1A38CA19-2067-4637-9E38-B273C73D21DA}.Debug|iPhone.Build.0 = Debug|Any CPU
		{1A38CA19-2067-4637-9E38-B273C73D21DA}.Debug|iPhone.Deploy.0 = Debug|Any CPU
		{1A38CA19-2067-4637-9E38-B273C73D21DA}.Debug|iPhoneSimulator.ActiveCfg = Debug|Any CPU
		{1A38CA19-2067-4637-9E38-B273C73D21DA}.Debug|iPhoneSimulator.Build.0 = Debug|Any CPU
		{1A38CA19-2067-4637-9E38-B273C73D21DA}.Debug|iPhoneSimulator.Deploy.0 = Debug|Any CPU
		{1A38CA19-2067-4637-9E38-B273C73D21DA}.Debug|x64.ActiveCfg = Debug|Any CPU
		{1A38CA19-2067-4637-9E38-B273C73D21DA}.Debug|x64.Build.0 = Debug|Any CPU
		{1A38CA19-2067-4637-9E38-B273C73D21DA}.Debug|x64.Deploy.0 = Debug|Any CPU
		{1A38CA19-2067-4637-9E38-B273C73D21DA}.Debug|x86.ActiveCfg = Debug|Any CPU
		{1A38CA19-2067-4637-9E38-B273C73D21DA}.Debug|x86.Build.0 = Debug|Any CPU
		{1A38CA19-2067-4637-9E38-B273C73D21DA}.Debug|x86.Deploy.0 = Debug|Any CPU
		{1A38CA19-2067-4637-9E38-B273C73D21DA}.Release|Any CPU.ActiveCfg = Release|Any CPU
		{1A38CA19-2067-4637-9E38-B273C73D21DA}.Release|Any CPU.Build.0 = Release|Any CPU
		{1A38CA19-2067-4637-9E38-B273C73D21DA}.Release|Any CPU.Deploy.0 = Release|Any CPU
		{1A38CA19-2067-4637-9E38-B273C73D21DA}.Release|ARM.ActiveCfg = Release|Any CPU
		{1A38CA19-2067-4637-9E38-B273C73D21DA}.Release|ARM.Build.0 = Release|Any CPU
		{1A38CA19-2067-4637-9E38-B273C73D21DA}.Release|ARM.Deploy.0 = Release|Any CPU
		{1A38CA19-2067-4637-9E38-B273C73D21DA}.Release|iPhone.ActiveCfg = Release|Any CPU
		{1A38CA19-2067-4637-9E38-B273C73D21DA}.Release|iPhone.Build.0 = Release|Any CPU
		{1A38CA19-2067-4637-9E38-B273C73D21DA}.Release|iPhone.Deploy.0 = Release|Any CPU
		{1A38CA19-2067-4637-9E38-B273C73D21DA}.Release|iPhoneSimulator.ActiveCfg = Release|Any CPU
		{1A38CA19-2067-4637-9E38-B273C73D21DA}.Release|iPhoneSimulator.Build.0 = Release|Any CPU
		{1A38CA19-2067-4637-9E38-B273C73D21DA}.Release|iPhoneSimulator.Deploy.0 = Release|Any CPU
		{1A38CA19-2067-4637-9E38-B273C73D21DA}.Release|x64.ActiveCfg = Release|Any CPU
		{1A38CA19-2067-4637-9E38-B273C73D21DA}.Release|x64.Build.0 = Release|Any CPU
		{1A38CA19-2067-4637-9E38-B273C73D21DA}.Release|x64.Deploy.0 = Release|Any CPU
		{1A38CA19-2067-4637-9E38-B273C73D21DA}.Release|x86.ActiveCfg = Release|Any CPU
		{1A38CA19-2067-4637-9E38-B273C73D21DA}.Release|x86.Build.0 = Release|Any CPU
		{1A38CA19-2067-4637-9E38-B273C73D21DA}.Release|x86.Deploy.0 = Release|Any CPU
		{92ED54EA-89E4-440C-B93C-036E8029500F}.Ad-Hoc|Any CPU.ActiveCfg = Ad-Hoc|iPhone
		{92ED54EA-89E4-440C-B93C-036E8029500F}.Ad-Hoc|ARM.ActiveCfg = Ad-Hoc|iPhone
		{92ED54EA-89E4-440C-B93C-036E8029500F}.Ad-Hoc|iPhone.ActiveCfg = Ad-Hoc|iPhone
		{92ED54EA-89E4-440C-B93C-036E8029500F}.Ad-Hoc|iPhone.Build.0 = Ad-Hoc|iPhone
		{92ED54EA-89E4-440C-B93C-036E8029500F}.Ad-Hoc|iPhoneSimulator.ActiveCfg = Ad-Hoc|iPhoneSimulator
		{92ED54EA-89E4-440C-B93C-036E8029500F}.Ad-Hoc|iPhoneSimulator.Build.0 = Ad-Hoc|iPhoneSimulator
		{92ED54EA-89E4-440C-B93C-036E8029500F}.Ad-Hoc|x64.ActiveCfg = Ad-Hoc|iPhone
		{92ED54EA-89E4-440C-B93C-036E8029500F}.Ad-Hoc|x86.ActiveCfg = Ad-Hoc|iPhone
		{92ED54EA-89E4-440C-B93C-036E8029500F}.AppStore|Any CPU.ActiveCfg = AppStore|iPhone
		{92ED54EA-89E4-440C-B93C-036E8029500F}.AppStore|ARM.ActiveCfg = AppStore|iPhone
		{92ED54EA-89E4-440C-B93C-036E8029500F}.AppStore|iPhone.ActiveCfg = AppStore|iPhone
		{92ED54EA-89E4-440C-B93C-036E8029500F}.AppStore|iPhone.Build.0 = AppStore|iPhone
		{92ED54EA-89E4-440C-B93C-036E8029500F}.AppStore|iPhoneSimulator.ActiveCfg = AppStore|iPhoneSimulator
		{92ED54EA-89E4-440C-B93C-036E8029500F}.AppStore|iPhoneSimulator.Build.0 = AppStore|iPhoneSimulator
		{92ED54EA-89E4-440C-B93C-036E8029500F}.AppStore|x64.ActiveCfg = AppStore|iPhone
		{92ED54EA-89E4-440C-B93C-036E8029500F}.AppStore|x86.ActiveCfg = AppStore|iPhone
		{92ED54EA-89E4-440C-B93C-036E8029500F}.Debug|Any CPU.ActiveCfg = Debug|iPhone
		{92ED54EA-89E4-440C-B93C-036E8029500F}.Debug|ARM.ActiveCfg = Debug|iPhone
		{92ED54EA-89E4-440C-B93C-036E8029500F}.Debug|iPhone.ActiveCfg = Debug|iPhone
		{92ED54EA-89E4-440C-B93C-036E8029500F}.Debug|iPhone.Build.0 = Debug|iPhone
		{92ED54EA-89E4-440C-B93C-036E8029500F}.Debug|iPhoneSimulator.ActiveCfg = Debug|iPhoneSimulator
		{92ED54EA-89E4-440C-B93C-036E8029500F}.Debug|iPhoneSimulator.Build.0 = Debug|iPhoneSimulator
		{92ED54EA-89E4-440C-B93C-036E8029500F}.Debug|x64.ActiveCfg = Debug|iPhone
		{92ED54EA-89E4-440C-B93C-036E8029500F}.Debug|x86.ActiveCfg = Debug|iPhone
		{92ED54EA-89E4-440C-B93C-036E8029500F}.Release|Any CPU.ActiveCfg = Release|iPhone
		{92ED54EA-89E4-440C-B93C-036E8029500F}.Release|ARM.ActiveCfg = Release|iPhone
		{92ED54EA-89E4-440C-B93C-036E8029500F}.Release|iPhone.ActiveCfg = Release|iPhone
		{92ED54EA-89E4-440C-B93C-036E8029500F}.Release|iPhone.Build.0 = Release|iPhone
		{92ED54EA-89E4-440C-B93C-036E8029500F}.Release|iPhoneSimulator.ActiveCfg = Release|iPhoneSimulator
		{92ED54EA-89E4-440C-B93C-036E8029500F}.Release|iPhoneSimulator.Build.0 = Release|iPhoneSimulator
		{92ED54EA-89E4-440C-B93C-036E8029500F}.Release|x64.ActiveCfg = Release|iPhone
		{92ED54EA-89E4-440C-B93C-036E8029500F}.Release|x86.ActiveCfg = Release|iPhone
		{55EABFB5-E675-48C6-BFB9-031F05D4F282}.Ad-Hoc|Any CPU.ActiveCfg = Release|Any CPU
		{55EABFB5-E675-48C6-BFB9-031F05D4F282}.Ad-Hoc|Any CPU.Build.0 = Release|Any CPU
		{55EABFB5-E675-48C6-BFB9-031F05D4F282}.Ad-Hoc|Any CPU.Deploy.0 = Release|Any CPU
		{55EABFB5-E675-48C6-BFB9-031F05D4F282}.Ad-Hoc|ARM.ActiveCfg = Release|ARM
		{55EABFB5-E675-48C6-BFB9-031F05D4F282}.Ad-Hoc|ARM.Build.0 = Release|ARM
		{55EABFB5-E675-48C6-BFB9-031F05D4F282}.Ad-Hoc|ARM.Deploy.0 = Release|ARM
		{55EABFB5-E675-48C6-BFB9-031F05D4F282}.Ad-Hoc|iPhone.ActiveCfg = Release|Any CPU
		{55EABFB5-E675-48C6-BFB9-031F05D4F282}.Ad-Hoc|iPhone.Build.0 = Release|Any CPU
		{55EABFB5-E675-48C6-BFB9-031F05D4F282}.Ad-Hoc|iPhone.Deploy.0 = Release|Any CPU
		{55EABFB5-E675-48C6-BFB9-031F05D4F282}.Ad-Hoc|iPhoneSimulator.ActiveCfg = Release|Any CPU
		{55EABFB5-E675-48C6-BFB9-031F05D4F282}.Ad-Hoc|iPhoneSimulator.Build.0 = Release|Any CPU
		{55EABFB5-E675-48C6-BFB9-031F05D4F282}.Ad-Hoc|iPhoneSimulator.Deploy.0 = Release|Any CPU
		{55EABFB5-E675-48C6-BFB9-031F05D4F282}.Ad-Hoc|x64.ActiveCfg = Release|Any CPU
		{55EABFB5-E675-48C6-BFB9-031F05D4F282}.Ad-Hoc|x64.Build.0 = Release|Any CPU
		{55EABFB5-E675-48C6-BFB9-031F05D4F282}.Ad-Hoc|x64.Deploy.0 = Release|Any CPU
		{55EABFB5-E675-48C6-BFB9-031F05D4F282}.Ad-Hoc|x86.ActiveCfg = Release|x86
		{55EABFB5-E675-48C6-BFB9-031F05D4F282}.Ad-Hoc|x86.Build.0 = Release|x86
		{55EABFB5-E675-48C6-BFB9-031F05D4F282}.Ad-Hoc|x86.Deploy.0 = Release|x86
		{55EABFB5-E675-48C6-BFB9-031F05D4F282}.AppStore|Any CPU.ActiveCfg = Release|Any CPU
		{55EABFB5-E675-48C6-BFB9-031F05D4F282}.AppStore|Any CPU.Build.0 = Release|Any CPU
		{55EABFB5-E675-48C6-BFB9-031F05D4F282}.AppStore|Any CPU.Deploy.0 = Release|Any CPU
		{55EABFB5-E675-48C6-BFB9-031F05D4F282}.AppStore|ARM.ActiveCfg = Release|ARM
		{55EABFB5-E675-48C6-BFB9-031F05D4F282}.AppStore|ARM.Build.0 = Release|ARM
		{55EABFB5-E675-48C6-BFB9-031F05D4F282}.AppStore|ARM.Deploy.0 = Release|ARM
		{55EABFB5-E675-48C6-BFB9-031F05D4F282}.AppStore|iPhone.ActiveCfg = Release|Any CPU
		{55EABFB5-E675-48C6-BFB9-031F05D4F282}.AppStore|iPhone.Build.0 = Release|Any CPU
		{55EABFB5-E675-48C6-BFB9-031F05D4F282}.AppStore|iPhone.Deploy.0 = Release|Any CPU
		{55EABFB5-E675-48C6-BFB9-031F05D4F282}.AppStore|iPhoneSimulator.ActiveCfg = Release|Any CPU
		{55EABFB5-E675-48C6-BFB9-031F05D4F282}.AppStore|iPhoneSimulator.Build.0 = Release|Any CPU
		{55EABFB5-E675-48C6-BFB9-031F05D4F282}.AppStore|iPhoneSimulator.Deploy.0 = Release|Any CPU
		{55EABFB5-E675-48C6-BFB9-031F05D4F282}.AppStore|x64.ActiveCfg = Release|Any CPU
		{55EABFB5-E675-48C6-BFB9-031F05D4F282}.AppStore|x64.Build.0 = Release|Any CPU
		{55EABFB5-E675-48C6-BFB9-031F05D4F282}.AppStore|x64.Deploy.0 = Release|Any CPU
		{55EABFB5-E675-48C6-BFB9-031F05D4F282}.AppStore|x86.ActiveCfg = Release|x86
		{55EABFB5-E675-48C6-BFB9-031F05D4F282}.AppStore|x86.Build.0 = Release|x86
		{55EABFB5-E675-48C6-BFB9-031F05D4F282}.AppStore|x86.Deploy.0 = Release|x86
		{55EABFB5-E675-48C6-BFB9-031F05D4F282}.Debug|Any CPU.ActiveCfg = Debug|Any CPU
		{55EABFB5-E675-48C6-BFB9-031F05D4F282}.Debug|Any CPU.Build.0 = Debug|Any CPU
		{55EABFB5-E675-48C6-BFB9-031F05D4F282}.Debug|ARM.ActiveCfg = Debug|ARM
		{55EABFB5-E675-48C6-BFB9-031F05D4F282}.Debug|ARM.Build.0 = Debug|ARM
		{55EABFB5-E675-48C6-BFB9-031F05D4F282}.Debug|ARM.Deploy.0 = Debug|ARM
		{55EABFB5-E675-48C6-BFB9-031F05D4F282}.Debug|iPhone.ActiveCfg = Debug|Any CPU
		{55EABFB5-E675-48C6-BFB9-031F05D4F282}.Debug|iPhone.Build.0 = Debug|Any CPU
		{55EABFB5-E675-48C6-BFB9-031F05D4F282}.Debug|iPhone.Deploy.0 = Debug|Any CPU
		{55EABFB5-E675-48C6-BFB9-031F05D4F282}.Debug|iPhoneSimulator.ActiveCfg = Debug|Any CPU
		{55EABFB5-E675-48C6-BFB9-031F05D4F282}.Debug|iPhoneSimulator.Build.0 = Debug|Any CPU
		{55EABFB5-E675-48C6-BFB9-031F05D4F282}.Debug|iPhoneSimulator.Deploy.0 = Debug|Any CPU
		{55EABFB5-E675-48C6-BFB9-031F05D4F282}.Debug|x64.ActiveCfg = Debug|Any CPU
		{55EABFB5-E675-48C6-BFB9-031F05D4F282}.Debug|x64.Build.0 = Debug|Any CPU
		{55EABFB5-E675-48C6-BFB9-031F05D4F282}.Debug|x64.Deploy.0 = Debug|Any CPU
		{55EABFB5-E675-48C6-BFB9-031F05D4F282}.Debug|x86.ActiveCfg = Debug|x86
		{55EABFB5-E675-48C6-BFB9-031F05D4F282}.Debug|x86.Build.0 = Debug|x86
		{55EABFB5-E675-48C6-BFB9-031F05D4F282}.Debug|x86.Deploy.0 = Debug|x86
		{55EABFB5-E675-48C6-BFB9-031F05D4F282}.Release|Any CPU.ActiveCfg = Release|Any CPU
		{55EABFB5-E675-48C6-BFB9-031F05D4F282}.Release|Any CPU.Build.0 = Release|Any CPU
		{55EABFB5-E675-48C6-BFB9-031F05D4F282}.Release|Any CPU.Deploy.0 = Release|Any CPU
		{55EABFB5-E675-48C6-BFB9-031F05D4F282}.Release|ARM.ActiveCfg = Release|ARM
		{55EABFB5-E675-48C6-BFB9-031F05D4F282}.Release|ARM.Build.0 = Release|ARM
		{55EABFB5-E675-48C6-BFB9-031F05D4F282}.Release|ARM.Deploy.0 = Release|ARM
		{55EABFB5-E675-48C6-BFB9-031F05D4F282}.Release|iPhone.ActiveCfg = Release|Any CPU
		{55EABFB5-E675-48C6-BFB9-031F05D4F282}.Release|iPhone.Build.0 = Release|Any CPU
		{55EABFB5-E675-48C6-BFB9-031F05D4F282}.Release|iPhone.Deploy.0 = Release|Any CPU
		{55EABFB5-E675-48C6-BFB9-031F05D4F282}.Release|iPhoneSimulator.ActiveCfg = Release|Any CPU
		{55EABFB5-E675-48C6-BFB9-031F05D4F282}.Release|iPhoneSimulator.Build.0 = Release|Any CPU
		{55EABFB5-E675-48C6-BFB9-031F05D4F282}.Release|iPhoneSimulator.Deploy.0 = Release|Any CPU
		{55EABFB5-E675-48C6-BFB9-031F05D4F282}.Release|x64.ActiveCfg = Release|Any CPU
		{55EABFB5-E675-48C6-BFB9-031F05D4F282}.Release|x64.Build.0 = Release|Any CPU
		{55EABFB5-E675-48C6-BFB9-031F05D4F282}.Release|x64.Deploy.0 = Release|Any CPU
		{55EABFB5-E675-48C6-BFB9-031F05D4F282}.Release|x86.ActiveCfg = Release|x86
		{55EABFB5-E675-48C6-BFB9-031F05D4F282}.Release|x86.Build.0 = Release|x86
		{55EABFB5-E675-48C6-BFB9-031F05D4F282}.Release|x86.Deploy.0 = Release|x86
		{98D86C2E-07AA-4FFC-A368-A5BD55487435}.Ad-Hoc|Any CPU.ActiveCfg = Release|x86
		{98D86C2E-07AA-4FFC-A368-A5BD55487435}.Ad-Hoc|Any CPU.Build.0 = Release|x86
		{98D86C2E-07AA-4FFC-A368-A5BD55487435}.Ad-Hoc|Any CPU.Deploy.0 = Release|x86
		{98D86C2E-07AA-4FFC-A368-A5BD55487435}.Ad-Hoc|ARM.ActiveCfg = Release|ARM
		{98D86C2E-07AA-4FFC-A368-A5BD55487435}.Ad-Hoc|ARM.Build.0 = Release|ARM
		{98D86C2E-07AA-4FFC-A368-A5BD55487435}.Ad-Hoc|ARM.Deploy.0 = Release|ARM
		{98D86C2E-07AA-4FFC-A368-A5BD55487435}.Ad-Hoc|iPhone.ActiveCfg = Release|x86
		{98D86C2E-07AA-4FFC-A368-A5BD55487435}.Ad-Hoc|iPhone.Build.0 = Release|x86
		{98D86C2E-07AA-4FFC-A368-A5BD55487435}.Ad-Hoc|iPhone.Deploy.0 = Release|x86
		{98D86C2E-07AA-4FFC-A368-A5BD55487435}.Ad-Hoc|iPhoneSimulator.ActiveCfg = Release|x86
		{98D86C2E-07AA-4FFC-A368-A5BD55487435}.Ad-Hoc|iPhoneSimulator.Build.0 = Release|x86
		{98D86C2E-07AA-4FFC-A368-A5BD55487435}.Ad-Hoc|iPhoneSimulator.Deploy.0 = Release|x86
		{98D86C2E-07AA-4FFC-A368-A5BD55487435}.Ad-Hoc|x64.ActiveCfg = Release|x64
		{98D86C2E-07AA-4FFC-A368-A5BD55487435}.Ad-Hoc|x64.Build.0 = Release|x64
		{98D86C2E-07AA-4FFC-A368-A5BD55487435}.Ad-Hoc|x64.Deploy.0 = Release|x64
		{98D86C2E-07AA-4FFC-A368-A5BD55487435}.Ad-Hoc|x86.ActiveCfg = Release|x86
		{98D86C2E-07AA-4FFC-A368-A5BD55487435}.Ad-Hoc|x86.Build.0 = Release|x86
		{98D86C2E-07AA-4FFC-A368-A5BD55487435}.Ad-Hoc|x86.Deploy.0 = Release|x86
		{98D86C2E-07AA-4FFC-A368-A5BD55487435}.AppStore|Any CPU.ActiveCfg = Release|x86
		{98D86C2E-07AA-4FFC-A368-A5BD55487435}.AppStore|Any CPU.Build.0 = Release|x86
		{98D86C2E-07AA-4FFC-A368-A5BD55487435}.AppStore|Any CPU.Deploy.0 = Release|x86
		{98D86C2E-07AA-4FFC-A368-A5BD55487435}.AppStore|ARM.ActiveCfg = Release|ARM
		{98D86C2E-07AA-4FFC-A368-A5BD55487435}.AppStore|ARM.Build.0 = Release|ARM
		{98D86C2E-07AA-4FFC-A368-A5BD55487435}.AppStore|ARM.Deploy.0 = Release|ARM
		{98D86C2E-07AA-4FFC-A368-A5BD55487435}.AppStore|iPhone.ActiveCfg = Release|x86
		{98D86C2E-07AA-4FFC-A368-A5BD55487435}.AppStore|iPhone.Build.0 = Release|x86
		{98D86C2E-07AA-4FFC-A368-A5BD55487435}.AppStore|iPhone.Deploy.0 = Release|x86
		{98D86C2E-07AA-4FFC-A368-A5BD55487435}.AppStore|iPhoneSimulator.ActiveCfg = Release|x86
		{98D86C2E-07AA-4FFC-A368-A5BD55487435}.AppStore|iPhoneSimulator.Build.0 = Release|x86
		{98D86C2E-07AA-4FFC-A368-A5BD55487435}.AppStore|iPhoneSimulator.Deploy.0 = Release|x86
		{98D86C2E-07AA-4FFC-A368-A5BD55487435}.AppStore|x64.ActiveCfg = Release|x64
		{98D86C2E-07AA-4FFC-A368-A5BD55487435}.AppStore|x64.Build.0 = Release|x64
		{98D86C2E-07AA-4FFC-A368-A5BD55487435}.AppStore|x64.Deploy.0 = Release|x64
		{98D86C2E-07AA-4FFC-A368-A5BD55487435}.AppStore|x86.ActiveCfg = Release|x86
		{98D86C2E-07AA-4FFC-A368-A5BD55487435}.AppStore|x86.Build.0 = Release|x86
		{98D86C2E-07AA-4FFC-A368-A5BD55487435}.AppStore|x86.Deploy.0 = Release|x86
		{98D86C2E-07AA-4FFC-A368-A5BD55487435}.Debug|Any CPU.ActiveCfg = Debug|x86
		{98D86C2E-07AA-4FFC-A368-A5BD55487435}.Debug|Any CPU.Build.0 = Debug|x86
		{98D86C2E-07AA-4FFC-A368-A5BD55487435}.Debug|Any CPU.Deploy.0 = Debug|x86
		{98D86C2E-07AA-4FFC-A368-A5BD55487435}.Debug|ARM.ActiveCfg = Debug|ARM
		{98D86C2E-07AA-4FFC-A368-A5BD55487435}.Debug|ARM.Build.0 = Debug|ARM
		{98D86C2E-07AA-4FFC-A368-A5BD55487435}.Debug|ARM.Deploy.0 = Debug|ARM
		{98D86C2E-07AA-4FFC-A368-A5BD55487435}.Debug|iPhone.ActiveCfg = Debug|x86
		{98D86C2E-07AA-4FFC-A368-A5BD55487435}.Debug|iPhoneSimulator.ActiveCfg = Debug|x86
		{98D86C2E-07AA-4FFC-A368-A5BD55487435}.Debug|x64.ActiveCfg = Debug|x64
		{98D86C2E-07AA-4FFC-A368-A5BD55487435}.Debug|x64.Build.0 = Debug|x64
		{98D86C2E-07AA-4FFC-A368-A5BD55487435}.Debug|x64.Deploy.0 = Debug|x64
		{98D86C2E-07AA-4FFC-A368-A5BD55487435}.Debug|x86.ActiveCfg = Debug|x86
		{98D86C2E-07AA-4FFC-A368-A5BD55487435}.Debug|x86.Build.0 = Debug|x86
		{98D86C2E-07AA-4FFC-A368-A5BD55487435}.Debug|x86.Deploy.0 = Debug|x86
		{98D86C2E-07AA-4FFC-A368-A5BD55487435}.Release|Any CPU.ActiveCfg = Release|x86
		{98D86C2E-07AA-4FFC-A368-A5BD55487435}.Release|ARM.ActiveCfg = Release|ARM
		{98D86C2E-07AA-4FFC-A368-A5BD55487435}.Release|ARM.Build.0 = Release|ARM
		{98D86C2E-07AA-4FFC-A368-A5BD55487435}.Release|ARM.Deploy.0 = Release|ARM
		{98D86C2E-07AA-4FFC-A368-A5BD55487435}.Release|iPhone.ActiveCfg = Release|x86
		{98D86C2E-07AA-4FFC-A368-A5BD55487435}.Release|iPhoneSimulator.ActiveCfg = Release|x86
		{98D86C2E-07AA-4FFC-A368-A5BD55487435}.Release|x64.ActiveCfg = Release|x64
		{98D86C2E-07AA-4FFC-A368-A5BD55487435}.Release|x64.Build.0 = Release|x64
		{98D86C2E-07AA-4FFC-A368-A5BD55487435}.Release|x64.Deploy.0 = Release|x64
		{98D86C2E-07AA-4FFC-A368-A5BD55487435}.Release|x86.ActiveCfg = Release|x86
		{98D86C2E-07AA-4FFC-A368-A5BD55487435}.Release|x86.Build.0 = Release|x86
		{98D86C2E-07AA-4FFC-A368-A5BD55487435}.Release|x86.Deploy.0 = Release|x86
		{4227E8E9-5D15-4BB4-8C3F-400D111A3DC7}.Ad-Hoc|Any CPU.ActiveCfg = Release|Any CPU
		{4227E8E9-5D15-4BB4-8C3F-400D111A3DC7}.Ad-Hoc|Any CPU.Build.0 = Release|Any CPU
		{4227E8E9-5D15-4BB4-8C3F-400D111A3DC7}.Ad-Hoc|Any CPU.Deploy.0 = Release|Any CPU
		{4227E8E9-5D15-4BB4-8C3F-400D111A3DC7}.Ad-Hoc|ARM.ActiveCfg = Release|ARM
		{4227E8E9-5D15-4BB4-8C3F-400D111A3DC7}.Ad-Hoc|ARM.Build.0 = Release|ARM
		{4227E8E9-5D15-4BB4-8C3F-400D111A3DC7}.Ad-Hoc|ARM.Deploy.0 = Release|ARM
		{4227E8E9-5D15-4BB4-8C3F-400D111A3DC7}.Ad-Hoc|iPhone.ActiveCfg = Release|Any CPU
		{4227E8E9-5D15-4BB4-8C3F-400D111A3DC7}.Ad-Hoc|iPhone.Build.0 = Release|Any CPU
		{4227E8E9-5D15-4BB4-8C3F-400D111A3DC7}.Ad-Hoc|iPhone.Deploy.0 = Release|Any CPU
		{4227E8E9-5D15-4BB4-8C3F-400D111A3DC7}.Ad-Hoc|iPhoneSimulator.ActiveCfg = Release|Any CPU
		{4227E8E9-5D15-4BB4-8C3F-400D111A3DC7}.Ad-Hoc|iPhoneSimulator.Build.0 = Release|Any CPU
		{4227E8E9-5D15-4BB4-8C3F-400D111A3DC7}.Ad-Hoc|iPhoneSimulator.Deploy.0 = Release|Any CPU
		{4227E8E9-5D15-4BB4-8C3F-400D111A3DC7}.Ad-Hoc|x64.ActiveCfg = Release|x64
		{4227E8E9-5D15-4BB4-8C3F-400D111A3DC7}.Ad-Hoc|x64.Build.0 = Release|x64
		{4227E8E9-5D15-4BB4-8C3F-400D111A3DC7}.Ad-Hoc|x64.Deploy.0 = Release|x64
		{4227E8E9-5D15-4BB4-8C3F-400D111A3DC7}.Ad-Hoc|x86.ActiveCfg = Release|x86
		{4227E8E9-5D15-4BB4-8C3F-400D111A3DC7}.Ad-Hoc|x86.Build.0 = Release|x86
		{4227E8E9-5D15-4BB4-8C3F-400D111A3DC7}.Ad-Hoc|x86.Deploy.0 = Release|x86
		{4227E8E9-5D15-4BB4-8C3F-400D111A3DC7}.AppStore|Any CPU.ActiveCfg = Release|Any CPU
		{4227E8E9-5D15-4BB4-8C3F-400D111A3DC7}.AppStore|Any CPU.Build.0 = Release|Any CPU
		{4227E8E9-5D15-4BB4-8C3F-400D111A3DC7}.AppStore|Any CPU.Deploy.0 = Release|Any CPU
		{4227E8E9-5D15-4BB4-8C3F-400D111A3DC7}.AppStore|ARM.ActiveCfg = Release|ARM
		{4227E8E9-5D15-4BB4-8C3F-400D111A3DC7}.AppStore|ARM.Build.0 = Release|ARM
		{4227E8E9-5D15-4BB4-8C3F-400D111A3DC7}.AppStore|ARM.Deploy.0 = Release|ARM
		{4227E8E9-5D15-4BB4-8C3F-400D111A3DC7}.AppStore|iPhone.ActiveCfg = Release|Any CPU
		{4227E8E9-5D15-4BB4-8C3F-400D111A3DC7}.AppStore|iPhone.Build.0 = Release|Any CPU
		{4227E8E9-5D15-4BB4-8C3F-400D111A3DC7}.AppStore|iPhone.Deploy.0 = Release|Any CPU
		{4227E8E9-5D15-4BB4-8C3F-400D111A3DC7}.AppStore|iPhoneSimulator.ActiveCfg = Release|Any CPU
		{4227E8E9-5D15-4BB4-8C3F-400D111A3DC7}.AppStore|iPhoneSimulator.Build.0 = Release|Any CPU
		{4227E8E9-5D15-4BB4-8C3F-400D111A3DC7}.AppStore|iPhoneSimulator.Deploy.0 = Release|Any CPU
		{4227E8E9-5D15-4BB4-8C3F-400D111A3DC7}.AppStore|x64.ActiveCfg = Release|x64
		{4227E8E9-5D15-4BB4-8C3F-400D111A3DC7}.AppStore|x64.Build.0 = Release|x64
		{4227E8E9-5D15-4BB4-8C3F-400D111A3DC7}.AppStore|x64.Deploy.0 = Release|x64
		{4227E8E9-5D15-4BB4-8C3F-400D111A3DC7}.AppStore|x86.ActiveCfg = Release|x86
		{4227E8E9-5D15-4BB4-8C3F-400D111A3DC7}.AppStore|x86.Build.0 = Release|x86
		{4227E8E9-5D15-4BB4-8C3F-400D111A3DC7}.AppStore|x86.Deploy.0 = Release|x86
		{4227E8E9-5D15-4BB4-8C3F-400D111A3DC7}.Debug|Any CPU.ActiveCfg = Debug|Any CPU
		{4227E8E9-5D15-4BB4-8C3F-400D111A3DC7}.Debug|Any CPU.Build.0 = Debug|Any CPU
		{4227E8E9-5D15-4BB4-8C3F-400D111A3DC7}.Debug|ARM.ActiveCfg = Debug|ARM
		{4227E8E9-5D15-4BB4-8C3F-400D111A3DC7}.Debug|ARM.Build.0 = Debug|ARM
		{4227E8E9-5D15-4BB4-8C3F-400D111A3DC7}.Debug|ARM.Deploy.0 = Debug|ARM
		{4227E8E9-5D15-4BB4-8C3F-400D111A3DC7}.Debug|iPhone.ActiveCfg = Debug|Any CPU
		{4227E8E9-5D15-4BB4-8C3F-400D111A3DC7}.Debug|iPhone.Build.0 = Debug|Any CPU
		{4227E8E9-5D15-4BB4-8C3F-400D111A3DC7}.Debug|iPhone.Deploy.0 = Debug|Any CPU
		{4227E8E9-5D15-4BB4-8C3F-400D111A3DC7}.Debug|iPhoneSimulator.ActiveCfg = Debug|Any CPU
		{4227E8E9-5D15-4BB4-8C3F-400D111A3DC7}.Debug|iPhoneSimulator.Build.0 = Debug|Any CPU
		{4227E8E9-5D15-4BB4-8C3F-400D111A3DC7}.Debug|iPhoneSimulator.Deploy.0 = Debug|Any CPU
		{4227E8E9-5D15-4BB4-8C3F-400D111A3DC7}.Debug|x64.ActiveCfg = Debug|x64
		{4227E8E9-5D15-4BB4-8C3F-400D111A3DC7}.Debug|x64.Build.0 = Debug|x64
		{4227E8E9-5D15-4BB4-8C3F-400D111A3DC7}.Debug|x64.Deploy.0 = Debug|x64
		{4227E8E9-5D15-4BB4-8C3F-400D111A3DC7}.Debug|x86.ActiveCfg = Debug|x86
		{4227E8E9-5D15-4BB4-8C3F-400D111A3DC7}.Debug|x86.Build.0 = Debug|x86
		{4227E8E9-5D15-4BB4-8C3F-400D111A3DC7}.Debug|x86.Deploy.0 = Debug|x86
		{4227E8E9-5D15-4BB4-8C3F-400D111A3DC7}.Release|Any CPU.ActiveCfg = Release|Any CPU
		{4227E8E9-5D15-4BB4-8C3F-400D111A3DC7}.Release|Any CPU.Build.0 = Release|Any CPU
		{4227E8E9-5D15-4BB4-8C3F-400D111A3DC7}.Release|Any CPU.Deploy.0 = Release|Any CPU
		{4227E8E9-5D15-4BB4-8C3F-400D111A3DC7}.Release|ARM.ActiveCfg = Release|ARM
		{4227E8E9-5D15-4BB4-8C3F-400D111A3DC7}.Release|ARM.Build.0 = Release|ARM
		{4227E8E9-5D15-4BB4-8C3F-400D111A3DC7}.Release|ARM.Deploy.0 = Release|ARM
		{4227E8E9-5D15-4BB4-8C3F-400D111A3DC7}.Release|iPhone.ActiveCfg = Release|Any CPU
		{4227E8E9-5D15-4BB4-8C3F-400D111A3DC7}.Release|iPhone.Build.0 = Release|Any CPU
		{4227E8E9-5D15-4BB4-8C3F-400D111A3DC7}.Release|iPhone.Deploy.0 = Release|Any CPU
		{4227E8E9-5D15-4BB4-8C3F-400D111A3DC7}.Release|iPhoneSimulator.ActiveCfg = Release|Any CPU
		{4227E8E9-5D15-4BB4-8C3F-400D111A3DC7}.Release|iPhoneSimulator.Build.0 = Release|Any CPU
		{4227E8E9-5D15-4BB4-8C3F-400D111A3DC7}.Release|iPhoneSimulator.Deploy.0 = Release|Any CPU
		{4227E8E9-5D15-4BB4-8C3F-400D111A3DC7}.Release|x64.ActiveCfg = Release|x64
		{4227E8E9-5D15-4BB4-8C3F-400D111A3DC7}.Release|x64.Build.0 = Release|x64
		{4227E8E9-5D15-4BB4-8C3F-400D111A3DC7}.Release|x64.Deploy.0 = Release|x64
		{4227E8E9-5D15-4BB4-8C3F-400D111A3DC7}.Release|x86.ActiveCfg = Release|x86
		{4227E8E9-5D15-4BB4-8C3F-400D111A3DC7}.Release|x86.Build.0 = Release|x86
		{4227E8E9-5D15-4BB4-8C3F-400D111A3DC7}.Release|x86.Deploy.0 = Release|x86
		{103768C3-06B3-4244-A77C-91B1F961E38C}.Ad-Hoc|Any CPU.ActiveCfg = Release|Any CPU
		{103768C3-06B3-4244-A77C-91B1F961E38C}.Ad-Hoc|Any CPU.Build.0 = Release|Any CPU
		{103768C3-06B3-4244-A77C-91B1F961E38C}.Ad-Hoc|ARM.ActiveCfg = Release|Any CPU
		{103768C3-06B3-4244-A77C-91B1F961E38C}.Ad-Hoc|ARM.Build.0 = Release|Any CPU
		{103768C3-06B3-4244-A77C-91B1F961E38C}.Ad-Hoc|iPhone.ActiveCfg = Release|Any CPU
		{103768C3-06B3-4244-A77C-91B1F961E38C}.Ad-Hoc|iPhone.Build.0 = Release|Any CPU
		{103768C3-06B3-4244-A77C-91B1F961E38C}.Ad-Hoc|iPhoneSimulator.ActiveCfg = Release|Any CPU
		{103768C3-06B3-4244-A77C-91B1F961E38C}.Ad-Hoc|iPhoneSimulator.Build.0 = Release|Any CPU
		{103768C3-06B3-4244-A77C-91B1F961E38C}.Ad-Hoc|x64.ActiveCfg = Release|Any CPU
		{103768C3-06B3-4244-A77C-91B1F961E38C}.Ad-Hoc|x64.Build.0 = Release|Any CPU
		{103768C3-06B3-4244-A77C-91B1F961E38C}.Ad-Hoc|x86.ActiveCfg = Release|Any CPU
		{103768C3-06B3-4244-A77C-91B1F961E38C}.Ad-Hoc|x86.Build.0 = Release|Any CPU
		{103768C3-06B3-4244-A77C-91B1F961E38C}.AppStore|Any CPU.ActiveCfg = Release|Any CPU
		{103768C3-06B3-4244-A77C-91B1F961E38C}.AppStore|Any CPU.Build.0 = Release|Any CPU
		{103768C3-06B3-4244-A77C-91B1F961E38C}.AppStore|ARM.ActiveCfg = Release|Any CPU
		{103768C3-06B3-4244-A77C-91B1F961E38C}.AppStore|ARM.Build.0 = Release|Any CPU
		{103768C3-06B3-4244-A77C-91B1F961E38C}.AppStore|iPhone.ActiveCfg = Release|Any CPU
		{103768C3-06B3-4244-A77C-91B1F961E38C}.AppStore|iPhone.Build.0 = Release|Any CPU
		{103768C3-06B3-4244-A77C-91B1F961E38C}.AppStore|iPhoneSimulator.ActiveCfg = Release|Any CPU
		{103768C3-06B3-4244-A77C-91B1F961E38C}.AppStore|iPhoneSimulator.Build.0 = Release|Any CPU
		{103768C3-06B3-4244-A77C-91B1F961E38C}.AppStore|x64.ActiveCfg = Release|Any CPU
		{103768C3-06B3-4244-A77C-91B1F961E38C}.AppStore|x64.Build.0 = Release|Any CPU
		{103768C3-06B3-4244-A77C-91B1F961E38C}.AppStore|x86.ActiveCfg = Release|Any CPU
		{103768C3-06B3-4244-A77C-91B1F961E38C}.AppStore|x86.Build.0 = Release|Any CPU
		{103768C3-06B3-4244-A77C-91B1F961E38C}.Debug|Any CPU.ActiveCfg = Debug|Any CPU
		{103768C3-06B3-4244-A77C-91B1F961E38C}.Debug|Any CPU.Build.0 = Debug|Any CPU
		{103768C3-06B3-4244-A77C-91B1F961E38C}.Debug|ARM.ActiveCfg = Debug|Any CPU
		{103768C3-06B3-4244-A77C-91B1F961E38C}.Debug|ARM.Build.0 = Debug|Any CPU
		{103768C3-06B3-4244-A77C-91B1F961E38C}.Debug|iPhone.ActiveCfg = Debug|Any CPU
		{103768C3-06B3-4244-A77C-91B1F961E38C}.Debug|iPhone.Build.0 = Debug|Any CPU
		{103768C3-06B3-4244-A77C-91B1F961E38C}.Debug|iPhoneSimulator.ActiveCfg = Debug|Any CPU
		{103768C3-06B3-4244-A77C-91B1F961E38C}.Debug|iPhoneSimulator.Build.0 = Debug|Any CPU
		{103768C3-06B3-4244-A77C-91B1F961E38C}.Debug|x64.ActiveCfg = Debug|Any CPU
		{103768C3-06B3-4244-A77C-91B1F961E38C}.Debug|x64.Build.0 = Debug|Any CPU
		{103768C3-06B3-4244-A77C-91B1F961E38C}.Debug|x86.ActiveCfg = Debug|Any CPU
		{103768C3-06B3-4244-A77C-91B1F961E38C}.Debug|x86.Build.0 = Debug|Any CPU
		{103768C3-06B3-4244-A77C-91B1F961E38C}.Release|Any CPU.ActiveCfg = Release|Any CPU
		{103768C3-06B3-4244-A77C-91B1F961E38C}.Release|Any CPU.Build.0 = Release|Any CPU
		{103768C3-06B3-4244-A77C-91B1F961E38C}.Release|ARM.ActiveCfg = Release|Any CPU
		{103768C3-06B3-4244-A77C-91B1F961E38C}.Release|ARM.Build.0 = Release|Any CPU
		{103768C3-06B3-4244-A77C-91B1F961E38C}.Release|iPhone.ActiveCfg = Release|Any CPU
		{103768C3-06B3-4244-A77C-91B1F961E38C}.Release|iPhone.Build.0 = Release|Any CPU
		{103768C3-06B3-4244-A77C-91B1F961E38C}.Release|iPhoneSimulator.ActiveCfg = Release|Any CPU
		{103768C3-06B3-4244-A77C-91B1F961E38C}.Release|iPhoneSimulator.Build.0 = Release|Any CPU
		{103768C3-06B3-4244-A77C-91B1F961E38C}.Release|x64.ActiveCfg = Release|Any CPU
		{103768C3-06B3-4244-A77C-91B1F961E38C}.Release|x64.Build.0 = Release|Any CPU
		{103768C3-06B3-4244-A77C-91B1F961E38C}.Release|x86.ActiveCfg = Release|Any CPU
		{103768C3-06B3-4244-A77C-91B1F961E38C}.Release|x86.Build.0 = Release|Any CPU
		{2BEACFC1-8654-4D84-9F25-49C1B54E5429}.Ad-Hoc|Any CPU.ActiveCfg = Release|Any CPU
		{2BEACFC1-8654-4D84-9F25-49C1B54E5429}.Ad-Hoc|Any CPU.Build.0 = Release|Any CPU
		{2BEACFC1-8654-4D84-9F25-49C1B54E5429}.Ad-Hoc|ARM.ActiveCfg = Release|Any CPU
		{2BEACFC1-8654-4D84-9F25-49C1B54E5429}.Ad-Hoc|ARM.Build.0 = Release|Any CPU
		{2BEACFC1-8654-4D84-9F25-49C1B54E5429}.Ad-Hoc|iPhone.ActiveCfg = Release|Any CPU
		{2BEACFC1-8654-4D84-9F25-49C1B54E5429}.Ad-Hoc|iPhone.Build.0 = Release|Any CPU
		{2BEACFC1-8654-4D84-9F25-49C1B54E5429}.Ad-Hoc|iPhoneSimulator.ActiveCfg = Release|Any CPU
		{2BEACFC1-8654-4D84-9F25-49C1B54E5429}.Ad-Hoc|iPhoneSimulator.Build.0 = Release|Any CPU
		{2BEACFC1-8654-4D84-9F25-49C1B54E5429}.Ad-Hoc|x64.ActiveCfg = Release|Any CPU
		{2BEACFC1-8654-4D84-9F25-49C1B54E5429}.Ad-Hoc|x64.Build.0 = Release|Any CPU
		{2BEACFC1-8654-4D84-9F25-49C1B54E5429}.Ad-Hoc|x86.ActiveCfg = Release|Any CPU
		{2BEACFC1-8654-4D84-9F25-49C1B54E5429}.Ad-Hoc|x86.Build.0 = Release|Any CPU
		{2BEACFC1-8654-4D84-9F25-49C1B54E5429}.AppStore|Any CPU.ActiveCfg = Release|Any CPU
		{2BEACFC1-8654-4D84-9F25-49C1B54E5429}.AppStore|Any CPU.Build.0 = Release|Any CPU
		{2BEACFC1-8654-4D84-9F25-49C1B54E5429}.AppStore|ARM.ActiveCfg = Release|Any CPU
		{2BEACFC1-8654-4D84-9F25-49C1B54E5429}.AppStore|ARM.Build.0 = Release|Any CPU
		{2BEACFC1-8654-4D84-9F25-49C1B54E5429}.AppStore|iPhone.ActiveCfg = Release|Any CPU
		{2BEACFC1-8654-4D84-9F25-49C1B54E5429}.AppStore|iPhone.Build.0 = Release|Any CPU
		{2BEACFC1-8654-4D84-9F25-49C1B54E5429}.AppStore|iPhoneSimulator.ActiveCfg = Release|Any CPU
		{2BEACFC1-8654-4D84-9F25-49C1B54E5429}.AppStore|iPhoneSimulator.Build.0 = Release|Any CPU
		{2BEACFC1-8654-4D84-9F25-49C1B54E5429}.AppStore|x64.ActiveCfg = Release|Any CPU
		{2BEACFC1-8654-4D84-9F25-49C1B54E5429}.AppStore|x64.Build.0 = Release|Any CPU
		{2BEACFC1-8654-4D84-9F25-49C1B54E5429}.AppStore|x86.ActiveCfg = Release|Any CPU
		{2BEACFC1-8654-4D84-9F25-49C1B54E5429}.AppStore|x86.Build.0 = Release|Any CPU
		{2BEACFC1-8654-4D84-9F25-49C1B54E5429}.Debug|Any CPU.ActiveCfg = Debug|Any CPU
		{2BEACFC1-8654-4D84-9F25-49C1B54E5429}.Debug|Any CPU.Build.0 = Debug|Any CPU
		{2BEACFC1-8654-4D84-9F25-49C1B54E5429}.Debug|ARM.ActiveCfg = Debug|Any CPU
		{2BEACFC1-8654-4D84-9F25-49C1B54E5429}.Debug|ARM.Build.0 = Debug|Any CPU
		{2BEACFC1-8654-4D84-9F25-49C1B54E5429}.Debug|iPhone.ActiveCfg = Debug|Any CPU
		{2BEACFC1-8654-4D84-9F25-49C1B54E5429}.Debug|iPhone.Build.0 = Debug|Any CPU
		{2BEACFC1-8654-4D84-9F25-49C1B54E5429}.Debug|iPhoneSimulator.ActiveCfg = Debug|Any CPU
		{2BEACFC1-8654-4D84-9F25-49C1B54E5429}.Debug|iPhoneSimulator.Build.0 = Debug|Any CPU
		{2BEACFC1-8654-4D84-9F25-49C1B54E5429}.Debug|x64.ActiveCfg = Debug|Any CPU
		{2BEACFC1-8654-4D84-9F25-49C1B54E5429}.Debug|x64.Build.0 = Debug|Any CPU
		{2BEACFC1-8654-4D84-9F25-49C1B54E5429}.Debug|x86.ActiveCfg = Debug|Any CPU
		{2BEACFC1-8654-4D84-9F25-49C1B54E5429}.Debug|x86.Build.0 = Debug|Any CPU
		{2BEACFC1-8654-4D84-9F25-49C1B54E5429}.Release|Any CPU.ActiveCfg = Release|Any CPU
		{2BEACFC1-8654-4D84-9F25-49C1B54E5429}.Release|Any CPU.Build.0 = Release|Any CPU
		{2BEACFC1-8654-4D84-9F25-49C1B54E5429}.Release|ARM.ActiveCfg = Release|Any CPU
		{2BEACFC1-8654-4D84-9F25-49C1B54E5429}.Release|ARM.Build.0 = Release|Any CPU
		{2BEACFC1-8654-4D84-9F25-49C1B54E5429}.Release|iPhone.ActiveCfg = Release|Any CPU
		{2BEACFC1-8654-4D84-9F25-49C1B54E5429}.Release|iPhone.Build.0 = Release|Any CPU
		{2BEACFC1-8654-4D84-9F25-49C1B54E5429}.Release|iPhoneSimulator.ActiveCfg = Release|Any CPU
		{2BEACFC1-8654-4D84-9F25-49C1B54E5429}.Release|iPhoneSimulator.Build.0 = Release|Any CPU
		{2BEACFC1-8654-4D84-9F25-49C1B54E5429}.Release|x64.ActiveCfg = Release|Any CPU
		{2BEACFC1-8654-4D84-9F25-49C1B54E5429}.Release|x64.Build.0 = Release|Any CPU
		{2BEACFC1-8654-4D84-9F25-49C1B54E5429}.Release|x86.ActiveCfg = Release|Any CPU
		{2BEACFC1-8654-4D84-9F25-49C1B54E5429}.Release|x86.Build.0 = Release|Any CPU
		{35B97953-711D-4D0C-B42B-42AAEE4EC089}.Ad-Hoc|Any CPU.ActiveCfg = Release|Any CPU
		{35B97953-711D-4D0C-B42B-42AAEE4EC089}.Ad-Hoc|Any CPU.Build.0 = Release|Any CPU
		{35B97953-711D-4D0C-B42B-42AAEE4EC089}.Ad-Hoc|ARM.ActiveCfg = Release|Any CPU
		{35B97953-711D-4D0C-B42B-42AAEE4EC089}.Ad-Hoc|ARM.Build.0 = Release|Any CPU
		{35B97953-711D-4D0C-B42B-42AAEE4EC089}.Ad-Hoc|iPhone.ActiveCfg = Release|Any CPU
		{35B97953-711D-4D0C-B42B-42AAEE4EC089}.Ad-Hoc|iPhone.Build.0 = Release|Any CPU
		{35B97953-711D-4D0C-B42B-42AAEE4EC089}.Ad-Hoc|iPhoneSimulator.ActiveCfg = Release|Any CPU
		{35B97953-711D-4D0C-B42B-42AAEE4EC089}.Ad-Hoc|iPhoneSimulator.Build.0 = Release|Any CPU
		{35B97953-711D-4D0C-B42B-42AAEE4EC089}.Ad-Hoc|x64.ActiveCfg = Release|Any CPU
		{35B97953-711D-4D0C-B42B-42AAEE4EC089}.Ad-Hoc|x64.Build.0 = Release|Any CPU
		{35B97953-711D-4D0C-B42B-42AAEE4EC089}.Ad-Hoc|x86.ActiveCfg = Release|Any CPU
		{35B97953-711D-4D0C-B42B-42AAEE4EC089}.Ad-Hoc|x86.Build.0 = Release|Any CPU
		{35B97953-711D-4D0C-B42B-42AAEE4EC089}.AppStore|Any CPU.ActiveCfg = Release|Any CPU
		{35B97953-711D-4D0C-B42B-42AAEE4EC089}.AppStore|Any CPU.Build.0 = Release|Any CPU
		{35B97953-711D-4D0C-B42B-42AAEE4EC089}.AppStore|ARM.ActiveCfg = Release|Any CPU
		{35B97953-711D-4D0C-B42B-42AAEE4EC089}.AppStore|ARM.Build.0 = Release|Any CPU
		{35B97953-711D-4D0C-B42B-42AAEE4EC089}.AppStore|iPhone.ActiveCfg = Release|Any CPU
		{35B97953-711D-4D0C-B42B-42AAEE4EC089}.AppStore|iPhone.Build.0 = Release|Any CPU
		{35B97953-711D-4D0C-B42B-42AAEE4EC089}.AppStore|iPhoneSimulator.ActiveCfg = Release|Any CPU
		{35B97953-711D-4D0C-B42B-42AAEE4EC089}.AppStore|iPhoneSimulator.Build.0 = Release|Any CPU
		{35B97953-711D-4D0C-B42B-42AAEE4EC089}.AppStore|x64.ActiveCfg = Release|Any CPU
		{35B97953-711D-4D0C-B42B-42AAEE4EC089}.AppStore|x64.Build.0 = Release|Any CPU
		{35B97953-711D-4D0C-B42B-42AAEE4EC089}.AppStore|x86.ActiveCfg = Release|Any CPU
		{35B97953-711D-4D0C-B42B-42AAEE4EC089}.AppStore|x86.Build.0 = Release|Any CPU
		{35B97953-711D-4D0C-B42B-42AAEE4EC089}.Debug|Any CPU.ActiveCfg = Debug|Any CPU
		{35B97953-711D-4D0C-B42B-42AAEE4EC089}.Debug|Any CPU.Build.0 = Debug|Any CPU
		{35B97953-711D-4D0C-B42B-42AAEE4EC089}.Debug|ARM.ActiveCfg = Debug|Any CPU
		{35B97953-711D-4D0C-B42B-42AAEE4EC089}.Debug|ARM.Build.0 = Debug|Any CPU
		{35B97953-711D-4D0C-B42B-42AAEE4EC089}.Debug|iPhone.ActiveCfg = Debug|Any CPU
		{35B97953-711D-4D0C-B42B-42AAEE4EC089}.Debug|iPhone.Build.0 = Debug|Any CPU
		{35B97953-711D-4D0C-B42B-42AAEE4EC089}.Debug|iPhoneSimulator.ActiveCfg = Debug|Any CPU
		{35B97953-711D-4D0C-B42B-42AAEE4EC089}.Debug|iPhoneSimulator.Build.0 = Debug|Any CPU
		{35B97953-711D-4D0C-B42B-42AAEE4EC089}.Debug|x64.ActiveCfg = Debug|Any CPU
		{35B97953-711D-4D0C-B42B-42AAEE4EC089}.Debug|x64.Build.0 = Debug|Any CPU
		{35B97953-711D-4D0C-B42B-42AAEE4EC089}.Debug|x86.ActiveCfg = Debug|Any CPU
		{35B97953-711D-4D0C-B42B-42AAEE4EC089}.Debug|x86.Build.0 = Debug|Any CPU
		{35B97953-711D-4D0C-B42B-42AAEE4EC089}.Release|Any CPU.ActiveCfg = Release|Any CPU
		{35B97953-711D-4D0C-B42B-42AAEE4EC089}.Release|Any CPU.Build.0 = Release|Any CPU
		{35B97953-711D-4D0C-B42B-42AAEE4EC089}.Release|ARM.ActiveCfg = Release|Any CPU
		{35B97953-711D-4D0C-B42B-42AAEE4EC089}.Release|ARM.Build.0 = Release|Any CPU
		{35B97953-711D-4D0C-B42B-42AAEE4EC089}.Release|iPhone.ActiveCfg = Release|Any CPU
		{35B97953-711D-4D0C-B42B-42AAEE4EC089}.Release|iPhone.Build.0 = Release|Any CPU
		{35B97953-711D-4D0C-B42B-42AAEE4EC089}.Release|iPhoneSimulator.ActiveCfg = Release|Any CPU
		{35B97953-711D-4D0C-B42B-42AAEE4EC089}.Release|iPhoneSimulator.Build.0 = Release|Any CPU
		{35B97953-711D-4D0C-B42B-42AAEE4EC089}.Release|x64.ActiveCfg = Release|Any CPU
		{35B97953-711D-4D0C-B42B-42AAEE4EC089}.Release|x64.Build.0 = Release|Any CPU
		{35B97953-711D-4D0C-B42B-42AAEE4EC089}.Release|x86.ActiveCfg = Release|Any CPU
		{35B97953-711D-4D0C-B42B-42AAEE4EC089}.Release|x86.Build.0 = Release|Any CPU
	EndGlobalSection
	GlobalSection(SolutionProperties) = preSolution
		HideSolutionNode = FALSE
	EndGlobalSection
	GlobalSection(NestedProjects) = preSolution
		{2BEACFC1-8654-4D84-9F25-49C1B54E5429} = {7A39A3A3-62B3-4E3A-87FB-B0161B99FFC8}
		{35B97953-711D-4D0C-B42B-42AAEE4EC089} = {7A39A3A3-62B3-4E3A-87FB-B0161B99FFC8}
	EndGlobalSection
EndGlobal
